
Microsoft Visual Studio Solution File, Format Version 12.00
# Visual Studio 15
VisualStudioVersion = 15.0.28010.2003
MinimumVisualStudioVersion = 10.0.40219.1
Project("{FAE04EC0-301F-11D3-BF4B-00C04F79EFBC}") = "Stocker", "Stocker\Stocker.csproj", "{134B08F3-BA97-4E54-BFA1-50B54B6B773C}"
EndProject
Global
	GlobalSection(SolutionConfigurationPlatforms) = preSolution
		Debug|Any CPU = Debug|Any CPU
		Release|Any CPU = Release|Any CPU
	EndGlobalSection
	GlobalSection(ProjectConfigurationPlatforms) = postSolution
		{134B08F3-BA97-4E54-BFA1-50B54B6B773C}.Debug|Any CPU.ActiveCfg = Debug|Any CPU
		{134B08F3-BA97-4E54-BFA1-50B54B6B773C}.Debug|Any CPU.Build.0 = Debug|Any CPU
		{134B08F3-BA97-4E54-BFA1-50B54B6B773C}.Release|Any CPU.ActiveCfg = Release|Any CPU
		{134B08F3-BA97-4E54-BFA1-50B54B6B773C}.Release|Any CPU.Build.0 = Release|Any CPU
	EndGlobalSection
	GlobalSection(SolutionProperties) = preSolution
		HideSolutionNode = FALSE
	EndGlobalSection
	GlobalSection(ExtensibilityGlobals) = postSolution
		SolutionGuid = {3805B1DD-111E-4875-BDF5-FE997C3C35FA}
	EndGlobalSection
EndGlobal
